# This file is @generated by PDM.
# It is not intended for manual editing.

[metadata]
groups = ["default"]
strategy = ["cross_platform", "inherit_metadata"]
lock_version = "4.4.2"
content_hash = "sha256:c888695e00032d5998cde962b12dfdb420ca1c623d41c1cd3b88dd7d2ecaecf6"

[[package]]
name = "seokbong-add"
version = "1.0.0"
requires_python = ">=3.9"
summary = "Default template for PDM package"
groups = ["default"]
files = [
    {file = "seokbong_add-1.0.0-py3-none-any.whl", hash = "sha256:d50ca91bd9d056ec01594a9a7ecaab1ffcc9f3d6421990e5595a6f6e6774499c"},
    {file = "seokbong_add-1.0.0.tar.gz", hash = "sha256:f301eb15b3d5ba2fa9cbbca4e22b9258804fcae9868a4d0a313e4d6ea2eea1c2"},
]

[[package]]
name = "seokbong-division"
version = "0.3.0"
requires_python = ">=3.9"
summary = "Default template for PDM package"
groups = ["default"]
files = [
    {file = "seokbong_division-0.3.0-py3-none-any.whl", hash = "sha256:71374cab3483e9909647cb0072ea63784e2b1bcf90ce417806e53b15f8cf796e"},
    {file = "seokbong_division-0.3.0.tar.gz", hash = "sha256:8430c70b56c59b2fa5cd0c87cd0cdba7b97c8bd22a4efe3ab48fd4c7cb98ed26"},
]

[[package]]
name = "seokbong-mul"
version = "1.0.2"
requires_python = ">=3.9"
summary = "Default template for PDM package"
groups = ["default"]
files = [
    {file = "seokbong_mul-1.0.2-py3-none-any.whl", hash = "sha256:2922f76d390126214aba5804b0de17b4f18ca3620d9d90198a1a7f11f8464d01"},
    {file = "seokbong_mul-1.0.2.tar.gz", hash = "sha256:5c5714d974e0abfc755913bb64ed18959e675bc320c0b7ee4a61ae340852614d"},
]
